
Microsoft Visual Studio Solution File, Format Version 12.00
# Visual Studio Version 17
VisualStudioVersion = 17.12.35527.113 d17.12
MinimumVisualStudioVersion = 10.0.40219.1
Project("{FAE04EC0-301F-11D3-BF4B-00C04F79EFBC}") = "AddressBook", "AddressBook\AddressBook.csproj", "{DFD0783B-E2A0-495C-A873-5ACC60060508}"
EndProject
Project("{FAE04EC0-301F-11D3-BF4B-00C04F79EFBC}") = "BusinessLayer", "BusinessLayer\BusinessLayer.csproj", "{B09C8C0C-7F8C-4A30-B616-896DF46DACB1}"
EndProject
Project("{FAE04EC0-301F-11D3-BF4B-00C04F79EFBC}") = "RepositoryLayer", "RepositoryLayer\RepositoryLayer.csproj", "{83F0271E-B697-43F3-8CC1-7F0C25EEC927}"
EndProject
Project("{FAE04EC0-301F-11D3-BF4B-00C04F79EFBC}") = "ModelLayer", "ModelLayer\ModelLayer.csproj", "{2E1367AF-12B8-47F9-876B-3ADA86D07A24}"
EndProject
Global
	GlobalSection(SolutionConfigurationPlatforms) = preSolution
		Debug|Any CPU = Debug|Any CPU
		Release|Any CPU = Release|Any CPU
	EndGlobalSection
	GlobalSection(ProjectConfigurationPlatforms) = postSolution
		{DFD0783B-E2A0-495C-A873-5ACC60060508}.Debug|Any CPU.ActiveCfg = Debug|Any CPU
		{DFD0783B-E2A0-495C-A873-5ACC60060508}.Debug|Any CPU.Build.0 = Debug|Any CPU
		{DFD0783B-E2A0-495C-A873-5ACC60060508}.Release|Any CPU.ActiveCfg = Release|Any CPU
		{DFD0783B-E2A0-495C-A873-5ACC60060508}.Release|Any CPU.Build.0 = Release|Any CPU
		{B09C8C0C-7F8C-4A30-B616-896DF46DACB1}.Debug|Any CPU.ActiveCfg = Debug|Any CPU
		{B09C8C0C-7F8C-4A30-B616-896DF46DACB1}.Debug|Any CPU.Build.0 = Debug|Any CPU
		{B09C8C0C-7F8C-4A30-B616-896DF46DACB1}.Release|Any CPU.ActiveCfg = Release|Any CPU
		{B09C8C0C-7F8C-4A30-B616-896DF46DACB1}.Release|Any CPU.Build.0 = Release|Any CPU
		{83F0271E-B697-43F3-8CC1-7F0C25EEC927}.Debug|Any CPU.ActiveCfg = Debug|Any CPU
		{83F0271E-B697-43F3-8CC1-7F0C25EEC927}.Debug|Any CPU.Build.0 = Debug|Any CPU
		{83F0271E-B697-43F3-8CC1-7F0C25EEC927}.Release|Any CPU.ActiveCfg = Release|Any CPU
		{83F0271E-B697-43F3-8CC1-7F0C25EEC927}.Release|Any CPU.Build.0 = Release|Any CPU
		{2E1367AF-12B8-47F9-876B-3ADA86D07A24}.Debug|Any CPU.ActiveCfg = Debug|Any CPU
		{2E1367AF-12B8-47F9-876B-3ADA86D07A24}.Debug|Any CPU.Build.0 = Debug|Any CPU
		{2E1367AF-12B8-47F9-876B-3ADA86D07A24}.Release|Any CPU.ActiveCfg = Release|Any CPU
		{2E1367AF-12B8-47F9-876B-3ADA86D07A24}.Release|Any CPU.Build.0 = Release|Any CPU
	EndGlobalSection
	GlobalSection(SolutionProperties) = preSolution
		HideSolutionNode = FALSE
	EndGlobalSection
EndGlobal
